
Microsoft Visual Studio Solution File, Format Version 12.00
# Visual Studio Version 17
VisualStudioVersion = 17.1.32328.378
MinimumVisualStudioVersion = 10.0.40219.1
Project("{2150E333-8FDC-42A3-9474-1A3956D46DE8}") = "OldLearnApp", "OldLearnApp", "{12A9276F-4FC6-4574-AE35-219DC3C5F97E}"
EndProject
Project("{2150E333-8FDC-42A3-9474-1A3956D46DE8}") = "NewLearnApp", "NewLearnApp", "{D209BC52-83B8-4835-BF69-C390ED8950FF}"
EndProject
Project("{9A19103F-16F7-4668-BE54-9A1E7A4F7556}") = "LearnEF.Entities", "OldLearnApp\LearnEF.Entities\LearnEF.Entities.csproj", "{1F21FBEC-BEEA-4B1F-B197-79794D2413C8}"
EndProject
Project("{9A19103F-16F7-4668-BE54-9A1E7A4F7556}") = "LearnEF", "OldLearnApp\LearnEF\LearnEF.csproj", "{9BFDB88A-AC8C-41B9-AE31-9129F9516984}"
EndProject
Project("{9A19103F-16F7-4668-BE54-9A1E7A4F7556}") = "LearnHTTP", "OldLearnApp\LearnHTTP\LearnHTTP.csproj", "{827939C0-BB9F-4BB0-A6FC-CCBF426FF8CE}"
EndProject
Project("{9A19103F-16F7-4668-BE54-9A1E7A4F7556}") = "LearnAPI", "OldLearnApp\LearnAPI\LearnAPI.csproj", "{D6C7946C-74EE-4CA4-98D0-225A5367C367}"
EndProject
Project("{9A19103F-16F7-4668-BE54-9A1E7A4F7556}") = "LearnMVC", "OldLearnApp\LearnMVC\LearnMVC.csproj", "{3B6E12BE-C5A7-4DDF-88E0-D7473330FD36}"
EndProject
Project("{9A19103F-16F7-4668-BE54-9A1E7A4F7556}") = "LearnApp.DAL.Entities", "LearnApp.DAL.Entities\LearnApp.DAL.Entities.csproj", "{3F3BBB58-F9B3-471D-AF46-3E25D8E97360}"
EndProject
Project("{9A19103F-16F7-4668-BE54-9A1E7A4F7556}") = "LearnApp.Helper", "LearnApp.Helper\LearnApp.Helper.csproj", "{4D7BDEFC-45C8-45B2-8955-407E757D0ABA}"
EndProject
Project("{9A19103F-16F7-4668-BE54-9A1E7A4F7556}") = "LearnApp.DAL", "LearnApp.DAL\LearnApp.DAL.csproj", "{15895BC7-93AA-4728-B0BD-0F7AB03CA2A1}"
EndProject
Project("{9A19103F-16F7-4668-BE54-9A1E7A4F7556}") = "LearnApp.BLL", "LearnApp.BLL\LearnApp.BLL.csproj", "{13183DA9-FB09-4BF4-92E1-9E2E3F693DFB}"
EndProject
Project("{9A19103F-16F7-4668-BE54-9A1E7A4F7556}") = "LearnApp.WebApi", "LearnApp.WebApi\LearnApp.WebApi.csproj", "{B1371C2F-A62B-4EF2-9438-8BACB3C803A1}"
EndProject
Global
	GlobalSection(SolutionConfigurationPlatforms) = preSolution
		Debug|Any CPU = Debug|Any CPU
		Release|Any CPU = Release|Any CPU
	EndGlobalSection
	GlobalSection(ProjectConfigurationPlatforms) = postSolution
		{1F21FBEC-BEEA-4B1F-B197-79794D2413C8}.Debug|Any CPU.ActiveCfg = Debug|Any CPU
		{1F21FBEC-BEEA-4B1F-B197-79794D2413C8}.Debug|Any CPU.Build.0 = Debug|Any CPU
		{1F21FBEC-BEEA-4B1F-B197-79794D2413C8}.Release|Any CPU.ActiveCfg = Release|Any CPU
		{1F21FBEC-BEEA-4B1F-B197-79794D2413C8}.Release|Any CPU.Build.0 = Release|Any CPU
		{9BFDB88A-AC8C-41B9-AE31-9129F9516984}.Debug|Any CPU.ActiveCfg = Debug|Any CPU
		{9BFDB88A-AC8C-41B9-AE31-9129F9516984}.Debug|Any CPU.Build.0 = Debug|Any CPU
		{9BFDB88A-AC8C-41B9-AE31-9129F9516984}.Release|Any CPU.ActiveCfg = Release|Any CPU
		{9BFDB88A-AC8C-41B9-AE31-9129F9516984}.Release|Any CPU.Build.0 = Release|Any CPU
		{827939C0-BB9F-4BB0-A6FC-CCBF426FF8CE}.Debug|Any CPU.ActiveCfg = Debug|Any CPU
		{827939C0-BB9F-4BB0-A6FC-CCBF426FF8CE}.Debug|Any CPU.Build.0 = Debug|Any CPU
		{827939C0-BB9F-4BB0-A6FC-CCBF426FF8CE}.Release|Any CPU.ActiveCfg = Release|Any CPU
		{827939C0-BB9F-4BB0-A6FC-CCBF426FF8CE}.Release|Any CPU.Build.0 = Release|Any CPU
		{D6C7946C-74EE-4CA4-98D0-225A5367C367}.Debug|Any CPU.ActiveCfg = Debug|Any CPU
		{D6C7946C-74EE-4CA4-98D0-225A5367C367}.Debug|Any CPU.Build.0 = Debug|Any CPU
		{D6C7946C-74EE-4CA4-98D0-225A5367C367}.Release|Any CPU.ActiveCfg = Release|Any CPU
		{D6C7946C-74EE-4CA4-98D0-225A5367C367}.Release|Any CPU.Build.0 = Release|Any CPU
		{3B6E12BE-C5A7-4DDF-88E0-D7473330FD36}.Debug|Any CPU.ActiveCfg = Debug|Any CPU
		{3B6E12BE-C5A7-4DDF-88E0-D7473330FD36}.Debug|Any CPU.Build.0 = Debug|Any CPU
		{3B6E12BE-C5A7-4DDF-88E0-D7473330FD36}.Release|Any CPU.ActiveCfg = Release|Any CPU
		{3B6E12BE-C5A7-4DDF-88E0-D7473330FD36}.Release|Any CPU.Build.0 = Release|Any CPU
		{3F3BBB58-F9B3-471D-AF46-3E25D8E97360}.Debug|Any CPU.ActiveCfg = Debug|Any CPU
		{3F3BBB58-F9B3-471D-AF46-3E25D8E97360}.Debug|Any CPU.Build.0 = Debug|Any CPU
		{3F3BBB58-F9B3-471D-AF46-3E25D8E97360}.Release|Any CPU.ActiveCfg = Release|Any CPU
		{3F3BBB58-F9B3-471D-AF46-3E25D8E97360}.Release|Any CPU.Build.0 = Release|Any CPU
		{4D7BDEFC-45C8-45B2-8955-407E757D0ABA}.Debug|Any CPU.ActiveCfg = Debug|Any CPU
		{4D7BDEFC-45C8-45B2-8955-407E757D0ABA}.Debug|Any CPU.Build.0 = Debug|Any CPU
		{4D7BDEFC-45C8-45B2-8955-407E757D0ABA}.Release|Any CPU.ActiveCfg = Release|Any CPU
		{4D7BDEFC-45C8-45B2-8955-407E757D0ABA}.Release|Any CPU.Build.0 = Release|Any CPU
		{15895BC7-93AA-4728-B0BD-0F7AB03CA2A1}.Debug|Any CPU.ActiveCfg = Debug|Any CPU
		{15895BC7-93AA-4728-B0BD-0F7AB03CA2A1}.Debug|Any CPU.Build.0 = Debug|Any CPU
		{15895BC7-93AA-4728-B0BD-0F7AB03CA2A1}.Release|Any CPU.ActiveCfg = Release|Any CPU
		{15895BC7-93AA-4728-B0BD-0F7AB03CA2A1}.Release|Any CPU.Build.0 = Release|Any CPU
		{13183DA9-FB09-4BF4-92E1-9E2E3F693DFB}.Debug|Any CPU.ActiveCfg = Debug|Any CPU
		{13183DA9-FB09-4BF4-92E1-9E2E3F693DFB}.Debug|Any CPU.Build.0 = Debug|Any CPU
		{13183DA9-FB09-4BF4-92E1-9E2E3F693DFB}.Release|Any CPU.ActiveCfg = Release|Any CPU
		{13183DA9-FB09-4BF4-92E1-9E2E3F693DFB}.Release|Any CPU.Build.0 = Release|Any CPU
		{B1371C2F-A62B-4EF2-9438-8BACB3C803A1}.Debug|Any CPU.ActiveCfg = Debug|Any CPU
		{B1371C2F-A62B-4EF2-9438-8BACB3C803A1}.Debug|Any CPU.Build.0 = Debug|Any CPU
		{B1371C2F-A62B-4EF2-9438-8BACB3C803A1}.Release|Any CPU.ActiveCfg = Release|Any CPU
		{B1371C2F-A62B-4EF2-9438-8BACB3C803A1}.Release|Any CPU.Build.0 = Release|Any CPU
	EndGlobalSection
	GlobalSection(SolutionProperties) = preSolution
		HideSolutionNode = FALSE
	EndGlobalSection
	GlobalSection(NestedProjects) = preSolution
		{1F21FBEC-BEEA-4B1F-B197-79794D2413C8} = {12A9276F-4FC6-4574-AE35-219DC3C5F97E}
		{9BFDB88A-AC8C-41B9-AE31-9129F9516984} = {12A9276F-4FC6-4574-AE35-219DC3C5F97E}
		{827939C0-BB9F-4BB0-A6FC-CCBF426FF8CE} = {12A9276F-4FC6-4574-AE35-219DC3C5F97E}
		{D6C7946C-74EE-4CA4-98D0-225A5367C367} = {12A9276F-4FC6-4574-AE35-219DC3C5F97E}
		{3B6E12BE-C5A7-4DDF-88E0-D7473330FD36} = {12A9276F-4FC6-4574-AE35-219DC3C5F97E}
		{3F3BBB58-F9B3-471D-AF46-3E25D8E97360} = {D209BC52-83B8-4835-BF69-C390ED8950FF}
		{4D7BDEFC-45C8-45B2-8955-407E757D0ABA} = {D209BC52-83B8-4835-BF69-C390ED8950FF}
		{15895BC7-93AA-4728-B0BD-0F7AB03CA2A1} = {D209BC52-83B8-4835-BF69-C390ED8950FF}
		{13183DA9-FB09-4BF4-92E1-9E2E3F693DFB} = {D209BC52-83B8-4835-BF69-C390ED8950FF}
		{B1371C2F-A62B-4EF2-9438-8BACB3C803A1} = {D209BC52-83B8-4835-BF69-C390ED8950FF}
	EndGlobalSection
	GlobalSection(ExtensibilityGlobals) = postSolution
		SolutionGuid = {A7B53167-86C1-432F-A1BF-E1B429C91BFD}
	EndGlobalSection
EndGlobal
