
Microsoft Visual Studio Solution File, Format Version 12.00
# Visual Studio Version 17
VisualStudioVersion = 17.1.32328.378
MinimumVisualStudioVersion = 10.0.40219.1
Project("{2150E333-8FDC-42A3-9474-1A3956D46DE8}") = "OldLearnApp", "OldLearnApp", "{12A9276F-4FC6-4574-AE35-219DC3C5F97E}"
EndProject
Project("{2150E333-8FDC-42A3-9474-1A3956D46DE8}") = "NewLearnApp", "NewLearnApp", "{D209BC52-83B8-4835-BF69-C390ED8950FF}"
EndProject
Project("{2150E333-8FDC-42A3-9474-1A3956D46DE8}") = "backend", "backend", "{73C80991-1DB6-4E41-AB62-72264B3BEFCD}"
EndProject
Project("{9A19103F-16F7-4668-BE54-9A1E7A4F7556}") = "LearnEF.Entities", "OldLearnApp\LearnEF.Entities\LearnEF.Entities.csproj", "{1F21FBEC-BEEA-4B1F-B197-79794D2413C8}"
EndProject
Project("{9A19103F-16F7-4668-BE54-9A1E7A4F7556}") = "LearnEF", "OldLearnApp\LearnEF\LearnEF.csproj", "{9BFDB88A-AC8C-41B9-AE31-9129F9516984}"
EndProject
Project("{9A19103F-16F7-4668-BE54-9A1E7A4F7556}") = "LearnHTTP", "OldLearnApp\LearnHTTP\LearnHTTP.csproj", "{827939C0-BB9F-4BB0-A6FC-CCBF426FF8CE}"
EndProject
Project("{9A19103F-16F7-4668-BE54-9A1E7A4F7556}") = "LearnAPI", "OldLearnApp\LearnAPI\LearnAPI.csproj", "{D6C7946C-74EE-4CA4-98D0-225A5367C367}"
EndProject
Project("{9A19103F-16F7-4668-BE54-9A1E7A4F7556}") = "LearnMVC", "OldLearnApp\LearnMVC\LearnMVC.csproj", "{3B6E12BE-C5A7-4DDF-88E0-D7473330FD36}"
EndProject
Project("{2150E333-8FDC-42A3-9474-1A3956D46DE8}") = "frontend", "frontend", "{1AECEF22-F22B-424E-BD11-A91D83A8F194}"
EndProject
Project("{9A19103F-16F7-4668-BE54-9A1E7A4F7556}") = "LearnApp.WebApi", "NewLearnApp\backend\Learn.WebApi\LearnApp.WebApi.csproj", "{CAABF742-C76E-4E61-88D4-47C7D2AFB80B}"
EndProject
Project("{9A19103F-16F7-4668-BE54-9A1E7A4F7556}") = "LearnApp.DAL.Entities", "NewLearnApp\backend\LearnApp.DAL.Entities\LearnApp.DAL.Entities.csproj", "{FEB40E65-17AA-4A29-A162-CFFA4690620C}"
EndProject
Project("{9A19103F-16F7-4668-BE54-9A1E7A4F7556}") = "LearnApp.Helper", "NewLearnApp\backend\LearnApp.Helper\LearnApp.Helper.csproj", "{2C5159CE-FF0D-40AD-81C2-91E4A6B7458E}"
EndProject
Project("{9A19103F-16F7-4668-BE54-9A1E7A4F7556}") = "LearnApp.DAL", "NewLearnApp\backend\LearnApp.DAL\LearnApp.DAL.csproj", "{3A4E8FAE-8CD2-429A-8000-4D51F1A01F26}"
EndProject
Global
	GlobalSection(SolutionConfigurationPlatforms) = preSolution
		Debug|Any CPU = Debug|Any CPU
		Release|Any CPU = Release|Any CPU
	EndGlobalSection
	GlobalSection(ProjectConfigurationPlatforms) = postSolution
		{1F21FBEC-BEEA-4B1F-B197-79794D2413C8}.Debug|Any CPU.ActiveCfg = Debug|Any CPU
		{1F21FBEC-BEEA-4B1F-B197-79794D2413C8}.Debug|Any CPU.Build.0 = Debug|Any CPU
		{1F21FBEC-BEEA-4B1F-B197-79794D2413C8}.Release|Any CPU.ActiveCfg = Release|Any CPU
		{1F21FBEC-BEEA-4B1F-B197-79794D2413C8}.Release|Any CPU.Build.0 = Release|Any CPU
		{9BFDB88A-AC8C-41B9-AE31-9129F9516984}.Debug|Any CPU.ActiveCfg = Debug|Any CPU
		{9BFDB88A-AC8C-41B9-AE31-9129F9516984}.Debug|Any CPU.Build.0 = Debug|Any CPU
		{9BFDB88A-AC8C-41B9-AE31-9129F9516984}.Release|Any CPU.ActiveCfg = Release|Any CPU
		{9BFDB88A-AC8C-41B9-AE31-9129F9516984}.Release|Any CPU.Build.0 = Release|Any CPU
		{827939C0-BB9F-4BB0-A6FC-CCBF426FF8CE}.Debug|Any CPU.ActiveCfg = Debug|Any CPU
		{827939C0-BB9F-4BB0-A6FC-CCBF426FF8CE}.Debug|Any CPU.Build.0 = Debug|Any CPU
		{827939C0-BB9F-4BB0-A6FC-CCBF426FF8CE}.Release|Any CPU.ActiveCfg = Release|Any CPU
		{827939C0-BB9F-4BB0-A6FC-CCBF426FF8CE}.Release|Any CPU.Build.0 = Release|Any CPU
		{D6C7946C-74EE-4CA4-98D0-225A5367C367}.Debug|Any CPU.ActiveCfg = Debug|Any CPU
		{D6C7946C-74EE-4CA4-98D0-225A5367C367}.Debug|Any CPU.Build.0 = Debug|Any CPU
		{D6C7946C-74EE-4CA4-98D0-225A5367C367}.Release|Any CPU.ActiveCfg = Release|Any CPU
		{D6C7946C-74EE-4CA4-98D0-225A5367C367}.Release|Any CPU.Build.0 = Release|Any CPU
		{3B6E12BE-C5A7-4DDF-88E0-D7473330FD36}.Debug|Any CPU.ActiveCfg = Debug|Any CPU
		{3B6E12BE-C5A7-4DDF-88E0-D7473330FD36}.Debug|Any CPU.Build.0 = Debug|Any CPU
		{3B6E12BE-C5A7-4DDF-88E0-D7473330FD36}.Release|Any CPU.ActiveCfg = Release|Any CPU
		{3B6E12BE-C5A7-4DDF-88E0-D7473330FD36}.Release|Any CPU.Build.0 = Release|Any CPU
		{CAABF742-C76E-4E61-88D4-47C7D2AFB80B}.Debug|Any CPU.ActiveCfg = Debug|Any CPU
		{CAABF742-C76E-4E61-88D4-47C7D2AFB80B}.Debug|Any CPU.Build.0 = Debug|Any CPU
		{CAABF742-C76E-4E61-88D4-47C7D2AFB80B}.Release|Any CPU.ActiveCfg = Release|Any CPU
		{CAABF742-C76E-4E61-88D4-47C7D2AFB80B}.Release|Any CPU.Build.0 = Release|Any CPU
		{FEB40E65-17AA-4A29-A162-CFFA4690620C}.Debug|Any CPU.ActiveCfg = Debug|Any CPU
		{FEB40E65-17AA-4A29-A162-CFFA4690620C}.Debug|Any CPU.Build.0 = Debug|Any CPU
		{FEB40E65-17AA-4A29-A162-CFFA4690620C}.Release|Any CPU.ActiveCfg = Release|Any CPU
		{FEB40E65-17AA-4A29-A162-CFFA4690620C}.Release|Any CPU.Build.0 = Release|Any CPU
		{2C5159CE-FF0D-40AD-81C2-91E4A6B7458E}.Debug|Any CPU.ActiveCfg = Debug|Any CPU
		{2C5159CE-FF0D-40AD-81C2-91E4A6B7458E}.Debug|Any CPU.Build.0 = Debug|Any CPU
		{2C5159CE-FF0D-40AD-81C2-91E4A6B7458E}.Release|Any CPU.ActiveCfg = Release|Any CPU
		{2C5159CE-FF0D-40AD-81C2-91E4A6B7458E}.Release|Any CPU.Build.0 = Release|Any CPU
		{3A4E8FAE-8CD2-429A-8000-4D51F1A01F26}.Debug|Any CPU.ActiveCfg = Debug|Any CPU
		{3A4E8FAE-8CD2-429A-8000-4D51F1A01F26}.Debug|Any CPU.Build.0 = Debug|Any CPU
		{3A4E8FAE-8CD2-429A-8000-4D51F1A01F26}.Release|Any CPU.ActiveCfg = Release|Any CPU
		{3A4E8FAE-8CD2-429A-8000-4D51F1A01F26}.Release|Any CPU.Build.0 = Release|Any CPU
	EndGlobalSection
	GlobalSection(SolutionProperties) = preSolution
		HideSolutionNode = FALSE
	EndGlobalSection
	GlobalSection(NestedProjects) = preSolution
		{73C80991-1DB6-4E41-AB62-72264B3BEFCD} = {D209BC52-83B8-4835-BF69-C390ED8950FF}
		{1F21FBEC-BEEA-4B1F-B197-79794D2413C8} = {12A9276F-4FC6-4574-AE35-219DC3C5F97E}
		{9BFDB88A-AC8C-41B9-AE31-9129F9516984} = {12A9276F-4FC6-4574-AE35-219DC3C5F97E}
		{827939C0-BB9F-4BB0-A6FC-CCBF426FF8CE} = {12A9276F-4FC6-4574-AE35-219DC3C5F97E}
		{D6C7946C-74EE-4CA4-98D0-225A5367C367} = {12A9276F-4FC6-4574-AE35-219DC3C5F97E}
		{3B6E12BE-C5A7-4DDF-88E0-D7473330FD36} = {12A9276F-4FC6-4574-AE35-219DC3C5F97E}
		{1AECEF22-F22B-424E-BD11-A91D83A8F194} = {D209BC52-83B8-4835-BF69-C390ED8950FF}
		{CAABF742-C76E-4E61-88D4-47C7D2AFB80B} = {73C80991-1DB6-4E41-AB62-72264B3BEFCD}
		{FEB40E65-17AA-4A29-A162-CFFA4690620C} = {73C80991-1DB6-4E41-AB62-72264B3BEFCD}
		{2C5159CE-FF0D-40AD-81C2-91E4A6B7458E} = {73C80991-1DB6-4E41-AB62-72264B3BEFCD}
		{3A4E8FAE-8CD2-429A-8000-4D51F1A01F26} = {73C80991-1DB6-4E41-AB62-72264B3BEFCD}
	EndGlobalSection
	GlobalSection(ExtensibilityGlobals) = postSolution
		SolutionGuid = {A7B53167-86C1-432F-A1BF-E1B429C91BFD}
	EndGlobalSection
EndGlobal
